
Microsoft Visual Studio Solution File, Format Version 12.00
# Visual Studio Version 17
VisualStudioVersion = 17.6.33712.159
MinimumVisualStudioVersion = 10.0.40219.1
Project("{9A19103F-16F7-4668-BE54-9A1E7A4F7556}") = "Good Friends Never Starve", "Good Friends Never Starve.csproj", "{5E23E473-04FB-48E7-8E72-64C9CB3DDBA1}"
EndProject
Global
	GlobalSection(SolutionConfigurationPlatforms) = preSolution
		Debug|Any CPU = Debug|Any CPU
		Release|Any CPU = Release|Any CPU
	EndGlobalSection
	GlobalSection(ProjectConfigurationPlatforms) = postSolution
		{5E23E473-04FB-48E7-8E72-64C9CB3DDBA1}.Debug|Any CPU.ActiveCfg = Debug|Any CPU
		{5E23E473-04FB-48E7-8E72-64C9CB3DDBA1}.Debug|Any CPU.Build.0 = Debug|Any CPU
		{5E23E473-04FB-48E7-8E72-64C9CB3DDBA1}.Release|Any CPU.ActiveCfg = Release|Any CPU
		{5E23E473-04FB-48E7-8E72-64C9CB3DDBA1}.Release|Any CPU.Build.0 = Release|Any CPU
	EndGlobalSection
	GlobalSection(SolutionProperties) = preSolution
		HideSolutionNode = FALSE
	EndGlobalSection
	GlobalSection(ExtensibilityGlobals) = postSolution
		SolutionGuid = {12D3E3BA-F00F-4975-A4EA-21D0629FF462}
	EndGlobalSection
EndGlobal
